# This file is autogenerated, do not edit; changes may be undone by the next 'dep ensure'.


[[projects]]
  branch = "master"
  name = "github.com/golang/glog"
  packages = ["."]
  revision = "23def4e6c14b4da8ac2ed8007337bc5eb5007998"

[[projects]]
  name = "github.com/spf13/pflag"
  packages = ["."]
  revision = "583c0c0531f06d5278b7d917446061adc344b5cd"
  version = "v1.0.1"

[solve-meta]
  analyzer-name = "dep"
  analyzer-version = 1
  inputs-digest = "8b1ea2e2cf2f1a2c7b977ea9dbdbafc6338d50706b0e086ebd9a13a96c0464b7"
  solver-name = "gps-cdcl"
  solver-version = 1
